
Microsoft Visual Studio Solution File, Format Version 12.00
# Visual Studio Version 17
VisualStudioVersion = 17.9.34714.143
MinimumVisualStudioVersion = 10.0.40219.1
Project("{8BC9CEB8-8B4A-11D0-8D11-00A0C91BC942}") = "MalDev", "MalDev\MalDev.vcxproj", "{CB1FD1C4-0D3E-4BEA-839D-57C9D3C332E1}"
EndProject
Project("{8BC9CEB8-8B4A-11D0-8D11-00A0C91BC942}") = "BypassUAC", "BypassUAC\BypassUAC.vcxproj", "{4A20601B-678D-4490-AF65-280FD706DDD7}"
EndProject
Project("{8BC9CEB8-8B4A-11D0-8D11-00A0C91BC942}") = "Utils", "Utils\Utils.vcxproj", "{7F8C9CC8-0BBC-4FBA-A3E2-AB042CDE5751}"
EndProject
Project("{8BC9CEB8-8B4A-11D0-8D11-00A0C91BC942}") = "Test", "Test\Test.vcxproj", "{8F775340-920E-41D5-8659-4286A7854C76}"
	ProjectSection(ProjectDependencies) = postProject
		{7F8C9CC8-0BBC-4FBA-A3E2-AB042CDE5751} = {7F8C9CC8-0BBC-4FBA-A3E2-AB042CDE5751}
	EndProjectSection
EndProject
Project("{8BC9CEB8-8B4A-11D0-8D11-00A0C91BC942}") = "GUIBypassUAC", "GUIBypassUAC\GUIBypassUAC.vcxproj", "{1FF46293-B9B2-4092-98B8-7131D05D8F17}"
EndProject
Project("{8BC9CEB8-8B4A-11D0-8D11-00A0C91BC942}") = "TestDll", "TestDll\TestDll.vcxproj", "{6B895660-5208-4123-9AD0-88C4AF453457}"
EndProject
Project("{8BC9CEB8-8B4A-11D0-8D11-00A0C91BC942}") = "SVATTT2022", "SVATTT2022\SVATTT2022.vcxproj", "{8144E8DE-1DBB-42E1-B5E3-F2C2CA5F8CC2}"
EndProject
Project("{8BC9CEB8-8B4A-11D0-8D11-00A0C91BC942}") = "Updater", "Exit\Exit.vcxproj", "{1BE6A897-D521-4FBD-95E4-5429DE1F6EB8}"
EndProject
Project("{8BC9CEB8-8B4A-11D0-8D11-00A0C91BC942}") = "Uninstaller", "Uninstaller\Uninstaller.vcxproj", "{D1CC5155-A8E0-4F40-9DAD-E443225DB225}"
EndProject
Project("{8BC9CEB8-8B4A-11D0-8D11-00A0C91BC942}") = "TestSideloading", "TestSideloading\TestSideloading.vcxproj", "{06824768-D5BE-4BEB-A620-D84BD3C3093E}"
EndProject
Project("{FAE04EC0-301F-11D3-BF4B-00C04F79EFBC}") = "AppDomainInjection", "AppDomainInjection\AppDomainInjection.csproj", "{84E85E38-C183-4AEE-B3AC-748D83A60C08}"
EndProject
Project("{FAE04EC0-301F-11D3-BF4B-00C04F79EFBC}") = "TestCSharp", "TestCSharp\TestCSharp.csproj", "{02F3325A-68EE-4D2D-83C1-101B336497A0}"
EndProject
Global
	GlobalSection(SolutionConfigurationPlatforms) = preSolution
		Debug|Any CPU = Debug|Any CPU
		Debug|x64 = Debug|x64
		Debug|x86 = Debug|x86
		Release|Any CPU = Release|Any CPU
		Release|x64 = Release|x64
		Release|x86 = Release|x86
	EndGlobalSection
	GlobalSection(ProjectConfigurationPlatforms) = postSolution
		{CB1FD1C4-0D3E-4BEA-839D-57C9D3C332E1}.Debug|Any CPU.ActiveCfg = Debug|x64
		{CB1FD1C4-0D3E-4BEA-839D-57C9D3C332E1}.Debug|Any CPU.Build.0 = Debug|x64
		{CB1FD1C4-0D3E-4BEA-839D-57C9D3C332E1}.Debug|x64.ActiveCfg = Debug|x64
		{CB1FD1C4-0D3E-4BEA-839D-57C9D3C332E1}.Debug|x64.Build.0 = Debug|x64
		{CB1FD1C4-0D3E-4BEA-839D-57C9D3C332E1}.Debug|x86.ActiveCfg = Debug|Win32
		{CB1FD1C4-0D3E-4BEA-839D-57C9D3C332E1}.Debug|x86.Build.0 = Debug|Win32
		{CB1FD1C4-0D3E-4BEA-839D-57C9D3C332E1}.Release|Any CPU.ActiveCfg = Release|x64
		{CB1FD1C4-0D3E-4BEA-839D-57C9D3C332E1}.Release|Any CPU.Build.0 = Release|x64
		{CB1FD1C4-0D3E-4BEA-839D-57C9D3C332E1}.Release|x64.ActiveCfg = Release|x64
		{CB1FD1C4-0D3E-4BEA-839D-57C9D3C332E1}.Release|x64.Build.0 = Release|x64
		{CB1FD1C4-0D3E-4BEA-839D-57C9D3C332E1}.Release|x86.ActiveCfg = Release|Win32
		{CB1FD1C4-0D3E-4BEA-839D-57C9D3C332E1}.Release|x86.Build.0 = Release|Win32
		{4A20601B-678D-4490-AF65-280FD706DDD7}.Debug|Any CPU.ActiveCfg = Debug|x64
		{4A20601B-678D-4490-AF65-280FD706DDD7}.Debug|Any CPU.Build.0 = Debug|x64
		{4A20601B-678D-4490-AF65-280FD706DDD7}.Debug|x64.ActiveCfg = Debug|x64
		{4A20601B-678D-4490-AF65-280FD706DDD7}.Debug|x64.Build.0 = Debug|x64
		{4A20601B-678D-4490-AF65-280FD706DDD7}.Debug|x86.ActiveCfg = Debug|Win32
		{4A20601B-678D-4490-AF65-280FD706DDD7}.Debug|x86.Build.0 = Debug|Win32
		{4A20601B-678D-4490-AF65-280FD706DDD7}.Release|Any CPU.ActiveCfg = Release|x64
		{4A20601B-678D-4490-AF65-280FD706DDD7}.Release|Any CPU.Build.0 = Release|x64
		{4A20601B-678D-4490-AF65-280FD706DDD7}.Release|x64.ActiveCfg = Release|x64
		{4A20601B-678D-4490-AF65-280FD706DDD7}.Release|x64.Build.0 = Release|x64
		{4A20601B-678D-4490-AF65-280FD706DDD7}.Release|x86.ActiveCfg = Release|Win32
		{4A20601B-678D-4490-AF65-280FD706DDD7}.Release|x86.Build.0 = Release|Win32
		{7F8C9CC8-0BBC-4FBA-A3E2-AB042CDE5751}.Debug|Any CPU.ActiveCfg = Debug|x64
		{7F8C9CC8-0BBC-4FBA-A3E2-AB042CDE5751}.Debug|Any CPU.Build.0 = Debug|x64
		{7F8C9CC8-0BBC-4FBA-A3E2-AB042CDE5751}.Debug|x64.ActiveCfg = Debug|x64
		{7F8C9CC8-0BBC-4FBA-A3E2-AB042CDE5751}.Debug|x64.Build.0 = Debug|x64
		{7F8C9CC8-0BBC-4FBA-A3E2-AB042CDE5751}.Debug|x86.ActiveCfg = Debug|Win32
		{7F8C9CC8-0BBC-4FBA-A3E2-AB042CDE5751}.Debug|x86.Build.0 = Debug|Win32
		{7F8C9CC8-0BBC-4FBA-A3E2-AB042CDE5751}.Release|Any CPU.ActiveCfg = Release|x64
		{7F8C9CC8-0BBC-4FBA-A3E2-AB042CDE5751}.Release|Any CPU.Build.0 = Release|x64
		{7F8C9CC8-0BBC-4FBA-A3E2-AB042CDE5751}.Release|x64.ActiveCfg = Release|x64
		{7F8C9CC8-0BBC-4FBA-A3E2-AB042CDE5751}.Release|x64.Build.0 = Release|x64
		{7F8C9CC8-0BBC-4FBA-A3E2-AB042CDE5751}.Release|x86.ActiveCfg = Release|Win32
		{7F8C9CC8-0BBC-4FBA-A3E2-AB042CDE5751}.Release|x86.Build.0 = Release|Win32
		{8F775340-920E-41D5-8659-4286A7854C76}.Debug|Any CPU.ActiveCfg = Debug|x64
		{8F775340-920E-41D5-8659-4286A7854C76}.Debug|Any CPU.Build.0 = Debug|x64
		{8F775340-920E-41D5-8659-4286A7854C76}.Debug|x64.ActiveCfg = Debug|x64
		{8F775340-920E-41D5-8659-4286A7854C76}.Debug|x64.Build.0 = Debug|x64
		{8F775340-920E-41D5-8659-4286A7854C76}.Debug|x86.ActiveCfg = Debug|Win32
		{8F775340-920E-41D5-8659-4286A7854C76}.Debug|x86.Build.0 = Debug|Win32
		{8F775340-920E-41D5-8659-4286A7854C76}.Release|Any CPU.ActiveCfg = Release|x64
		{8F775340-920E-41D5-8659-4286A7854C76}.Release|Any CPU.Build.0 = Release|x64
		{8F775340-920E-41D5-8659-4286A7854C76}.Release|x64.ActiveCfg = Release|x64
		{8F775340-920E-41D5-8659-4286A7854C76}.Release|x64.Build.0 = Release|x64
		{8F775340-920E-41D5-8659-4286A7854C76}.Release|x86.ActiveCfg = Release|Win32
		{8F775340-920E-41D5-8659-4286A7854C76}.Release|x86.Build.0 = Release|Win32
		{1FF46293-B9B2-4092-98B8-7131D05D8F17}.Debug|Any CPU.ActiveCfg = Debug|x64
		{1FF46293-B9B2-4092-98B8-7131D05D8F17}.Debug|Any CPU.Build.0 = Debug|x64
		{1FF46293-B9B2-4092-98B8-7131D05D8F17}.Debug|x64.ActiveCfg = Debug|x64
		{1FF46293-B9B2-4092-98B8-7131D05D8F17}.Debug|x64.Build.0 = Debug|x64
		{1FF46293-B9B2-4092-98B8-7131D05D8F17}.Debug|x86.ActiveCfg = Debug|Win32
		{1FF46293-B9B2-4092-98B8-7131D05D8F17}.Debug|x86.Build.0 = Debug|Win32
		{1FF46293-B9B2-4092-98B8-7131D05D8F17}.Release|Any CPU.ActiveCfg = Release|x64
		{1FF46293-B9B2-4092-98B8-7131D05D8F17}.Release|Any CPU.Build.0 = Release|x64
		{1FF46293-B9B2-4092-98B8-7131D05D8F17}.Release|x64.ActiveCfg = Release|x64
		{1FF46293-B9B2-4092-98B8-7131D05D8F17}.Release|x64.Build.0 = Release|x64
		{1FF46293-B9B2-4092-98B8-7131D05D8F17}.Release|x86.ActiveCfg = Release|Win32
		{1FF46293-B9B2-4092-98B8-7131D05D8F17}.Release|x86.Build.0 = Release|Win32
		{6B895660-5208-4123-9AD0-88C4AF453457}.Debug|Any CPU.ActiveCfg = Debug|x64
		{6B895660-5208-4123-9AD0-88C4AF453457}.Debug|Any CPU.Build.0 = Debug|x64
		{6B895660-5208-4123-9AD0-88C4AF453457}.Debug|x64.ActiveCfg = Debug|x64
		{6B895660-5208-4123-9AD0-88C4AF453457}.Debug|x64.Build.0 = Debug|x64
		{6B895660-5208-4123-9AD0-88C4AF453457}.Debug|x86.ActiveCfg = Debug|Win32
		{6B895660-5208-4123-9AD0-88C4AF453457}.Debug|x86.Build.0 = Debug|Win32
		{6B895660-5208-4123-9AD0-88C4AF453457}.Release|Any CPU.ActiveCfg = Release|x64
		{6B895660-5208-4123-9AD0-88C4AF453457}.Release|Any CPU.Build.0 = Release|x64
		{6B895660-5208-4123-9AD0-88C4AF453457}.Release|x64.ActiveCfg = Release|x64
		{6B895660-5208-4123-9AD0-88C4AF453457}.Release|x64.Build.0 = Release|x64
		{6B895660-5208-4123-9AD0-88C4AF453457}.Release|x86.ActiveCfg = Release|Win32
		{6B895660-5208-4123-9AD0-88C4AF453457}.Release|x86.Build.0 = Release|Win32
		{8144E8DE-1DBB-42E1-B5E3-F2C2CA5F8CC2}.Debug|Any CPU.ActiveCfg = Debug|x64
		{8144E8DE-1DBB-42E1-B5E3-F2C2CA5F8CC2}.Debug|Any CPU.Build.0 = Debug|x64
		{8144E8DE-1DBB-42E1-B5E3-F2C2CA5F8CC2}.Debug|x64.ActiveCfg = Debug|x64
		{8144E8DE-1DBB-42E1-B5E3-F2C2CA5F8CC2}.Debug|x64.Build.0 = Debug|x64
		{8144E8DE-1DBB-42E1-B5E3-F2C2CA5F8CC2}.Debug|x86.ActiveCfg = Debug|Win32
		{8144E8DE-1DBB-42E1-B5E3-F2C2CA5F8CC2}.Debug|x86.Build.0 = Debug|Win32
		{8144E8DE-1DBB-42E1-B5E3-F2C2CA5F8CC2}.Release|Any CPU.ActiveCfg = Release|x64
		{8144E8DE-1DBB-42E1-B5E3-F2C2CA5F8CC2}.Release|Any CPU.Build.0 = Release|x64
		{8144E8DE-1DBB-42E1-B5E3-F2C2CA5F8CC2}.Release|x64.ActiveCfg = Release|x64
		{8144E8DE-1DBB-42E1-B5E3-F2C2CA5F8CC2}.Release|x64.Build.0 = Release|x64
		{8144E8DE-1DBB-42E1-B5E3-F2C2CA5F8CC2}.Release|x86.ActiveCfg = Release|Win32
		{8144E8DE-1DBB-42E1-B5E3-F2C2CA5F8CC2}.Release|x86.Build.0 = Release|Win32
		{1BE6A897-D521-4FBD-95E4-5429DE1F6EB8}.Debug|Any CPU.ActiveCfg = Debug|x64
		{1BE6A897-D521-4FBD-95E4-5429DE1F6EB8}.Debug|Any CPU.Build.0 = Debug|x64
		{1BE6A897-D521-4FBD-95E4-5429DE1F6EB8}.Debug|x64.ActiveCfg = Debug|x64
		{1BE6A897-D521-4FBD-95E4-5429DE1F6EB8}.Debug|x64.Build.0 = Debug|x64
		{1BE6A897-D521-4FBD-95E4-5429DE1F6EB8}.Debug|x86.ActiveCfg = Debug|Win32
		{1BE6A897-D521-4FBD-95E4-5429DE1F6EB8}.Debug|x86.Build.0 = Debug|Win32
		{1BE6A897-D521-4FBD-95E4-5429DE1F6EB8}.Release|Any CPU.ActiveCfg = Release|x64
		{1BE6A897-D521-4FBD-95E4-5429DE1F6EB8}.Release|Any CPU.Build.0 = Release|x64
		{1BE6A897-D521-4FBD-95E4-5429DE1F6EB8}.Release|x64.ActiveCfg = Release|x64
		{1BE6A897-D521-4FBD-95E4-5429DE1F6EB8}.Release|x64.Build.0 = Release|x64
		{1BE6A897-D521-4FBD-95E4-5429DE1F6EB8}.Release|x86.ActiveCfg = Release|Win32
		{1BE6A897-D521-4FBD-95E4-5429DE1F6EB8}.Release|x86.Build.0 = Release|Win32
		{D1CC5155-A8E0-4F40-9DAD-E443225DB225}.Debug|Any CPU.ActiveCfg = Debug|x64
		{D1CC5155-A8E0-4F40-9DAD-E443225DB225}.Debug|Any CPU.Build.0 = Debug|x64
		{D1CC5155-A8E0-4F40-9DAD-E443225DB225}.Debug|x64.ActiveCfg = Debug|x64
		{D1CC5155-A8E0-4F40-9DAD-E443225DB225}.Debug|x64.Build.0 = Debug|x64
		{D1CC5155-A8E0-4F40-9DAD-E443225DB225}.Debug|x86.ActiveCfg = Debug|Win32
		{D1CC5155-A8E0-4F40-9DAD-E443225DB225}.Debug|x86.Build.0 = Debug|Win32
		{D1CC5155-A8E0-4F40-9DAD-E443225DB225}.Release|Any CPU.ActiveCfg = Release|x64
		{D1CC5155-A8E0-4F40-9DAD-E443225DB225}.Release|Any CPU.Build.0 = Release|x64
		{D1CC5155-A8E0-4F40-9DAD-E443225DB225}.Release|x64.ActiveCfg = Release|x64
		{D1CC5155-A8E0-4F40-9DAD-E443225DB225}.Release|x64.Build.0 = Release|x64
		{D1CC5155-A8E0-4F40-9DAD-E443225DB225}.Release|x86.ActiveCfg = Release|Win32
		{D1CC5155-A8E0-4F40-9DAD-E443225DB225}.Release|x86.Build.0 = Release|Win32
		{06824768-D5BE-4BEB-A620-D84BD3C3093E}.Debug|Any CPU.ActiveCfg = Debug|x64
		{06824768-D5BE-4BEB-A620-D84BD3C3093E}.Debug|Any CPU.Build.0 = Debug|x64
		{06824768-D5BE-4BEB-A620-D84BD3C3093E}.Debug|x64.ActiveCfg = Debug|x64
		{06824768-D5BE-4BEB-A620-D84BD3C3093E}.Debug|x64.Build.0 = Debug|x64
		{06824768-D5BE-4BEB-A620-D84BD3C3093E}.Debug|x86.ActiveCfg = Debug|Win32
		{06824768-D5BE-4BEB-A620-D84BD3C3093E}.Debug|x86.Build.0 = Debug|Win32
		{06824768-D5BE-4BEB-A620-D84BD3C3093E}.Release|Any CPU.ActiveCfg = Release|x64
		{06824768-D5BE-4BEB-A620-D84BD3C3093E}.Release|Any CPU.Build.0 = Release|x64
		{06824768-D5BE-4BEB-A620-D84BD3C3093E}.Release|x64.ActiveCfg = Release|x64
		{06824768-D5BE-4BEB-A620-D84BD3C3093E}.Release|x64.Build.0 = Release|x64
		{06824768-D5BE-4BEB-A620-D84BD3C3093E}.Release|x86.ActiveCfg = Release|Win32
		{06824768-D5BE-4BEB-A620-D84BD3C3093E}.Release|x86.Build.0 = Release|Win32
		{84E85E38-C183-4AEE-B3AC-748D83A60C08}.Debug|Any CPU.ActiveCfg = Debug|Any CPU
		{84E85E38-C183-4AEE-B3AC-748D83A60C08}.Debug|Any CPU.Build.0 = Debug|Any CPU
		{84E85E38-C183-4AEE-B3AC-748D83A60C08}.Debug|x64.ActiveCfg = Debug|Any CPU
		{84E85E38-C183-4AEE-B3AC-748D83A60C08}.Debug|x64.Build.0 = Debug|Any CPU
		{84E85E38-C183-4AEE-B3AC-748D83A60C08}.Debug|x86.ActiveCfg = Debug|Any CPU
		{84E85E38-C183-4AEE-B3AC-748D83A60C08}.Debug|x86.Build.0 = Debug|Any CPU
		{84E85E38-C183-4AEE-B3AC-748D83A60C08}.Release|Any CPU.ActiveCfg = Release|Any CPU
		{84E85E38-C183-4AEE-B3AC-748D83A60C08}.Release|Any CPU.Build.0 = Release|Any CPU
		{84E85E38-C183-4AEE-B3AC-748D83A60C08}.Release|x64.ActiveCfg = Release|Any CPU
		{84E85E38-C183-4AEE-B3AC-748D83A60C08}.Release|x64.Build.0 = Release|Any CPU
		{84E85E38-C183-4AEE-B3AC-748D83A60C08}.Release|x86.ActiveCfg = Release|Any CPU
		{84E85E38-C183-4AEE-B3AC-748D83A60C08}.Release|x86.Build.0 = Release|Any CPU
		{02F3325A-68EE-4D2D-83C1-101B336497A0}.Debug|Any CPU.ActiveCfg = Debug|Any CPU
		{02F3325A-68EE-4D2D-83C1-101B336497A0}.Debug|Any CPU.Build.0 = Debug|Any CPU
		{02F3325A-68EE-4D2D-83C1-101B336497A0}.Debug|x64.ActiveCfg = Debug|Any CPU
		{02F3325A-68EE-4D2D-83C1-101B336497A0}.Debug|x64.Build.0 = Debug|Any CPU
		{02F3325A-68EE-4D2D-83C1-101B336497A0}.Debug|x86.ActiveCfg = Debug|Any CPU
		{02F3325A-68EE-4D2D-83C1-101B336497A0}.Debug|x86.Build.0 = Debug|Any CPU
		{02F3325A-68EE-4D2D-83C1-101B336497A0}.Release|Any CPU.ActiveCfg = Release|Any CPU
		{02F3325A-68EE-4D2D-83C1-101B336497A0}.Release|Any CPU.Build.0 = Release|Any CPU
		{02F3325A-68EE-4D2D-83C1-101B336497A0}.Release|x64.ActiveCfg = Release|Any CPU
		{02F3325A-68EE-4D2D-83C1-101B336497A0}.Release|x64.Build.0 = Release|Any CPU
		{02F3325A-68EE-4D2D-83C1-101B336497A0}.Release|x86.ActiveCfg = Release|Any CPU
		{02F3325A-68EE-4D2D-83C1-101B336497A0}.Release|x86.Build.0 = Release|Any CPU
	EndGlobalSection
	GlobalSection(SolutionProperties) = preSolution
		HideSolutionNode = FALSE
	EndGlobalSection
	GlobalSection(ExtensibilityGlobals) = postSolution
		SolutionGuid = {99FBE1C9-FF19-4036-B352-312F1DA62208}
	EndGlobalSection
EndGlobal
